
Microsoft Visual Studio Solution File, Format Version 12.00
# Visual Studio Version 16
VisualStudioVersion = 16.0.29519.181
MinimumVisualStudioVersion = 10.0.40219.1
Project("{9A19103F-16F7-4668-BE54-9A1E7A4F7556}") = "Day01", "Day01\Day01.csproj", "{C4A9A80B-A1CC-4910-845C-BE7566E11B01}"
EndProject
Project("{9A19103F-16F7-4668-BE54-9A1E7A4F7556}") = "Day02", "Day02\Day02.csproj", "{56AFD664-C9C3-4628-9BE4-580CCD9D236A}"
EndProject
Project("{9A19103F-16F7-4668-BE54-9A1E7A4F7556}") = "Day03", "Day03\Day03.csproj", "{0DC75426-0B91-4CD9-BE02-981F670C76BC}"
EndProject
Project("{9A19103F-16F7-4668-BE54-9A1E7A4F7556}") = "Day04", "Day04\Day04.csproj", "{EEE5EB7F-B6F7-4BDB-A775-1BB0002C1BCC}"
EndProject
Project("{9A19103F-16F7-4668-BE54-9A1E7A4F7556}") = "Day05", "Day05\Day05.csproj", "{6FD975A6-E04C-4569-A043-2A42190CA5C3}"
EndProject
Project("{9A19103F-16F7-4668-BE54-9A1E7A4F7556}") = "Day06", "Day06\Day06.csproj", "{27F05750-692A-456F-A94A-95900EB3E99C}"
EndProject
Project("{9A19103F-16F7-4668-BE54-9A1E7A4F7556}") = "Day07", "Day07\Day07.csproj", "{20982949-373C-448D-BD70-B63F114B8B83}"
EndProject
Project("{9A19103F-16F7-4668-BE54-9A1E7A4F7556}") = "Day08", "Day08\Day08.csproj", "{7A8FCFE0-C621-4F54-A07F-0EEB43B25A7B}"
EndProject
Project("{9A19103F-16F7-4668-BE54-9A1E7A4F7556}") = "Day09", "Day09\Day09.csproj", "{4626D5AD-591E-457D-A6C1-A71C96FCF282}"
EndProject
Project("{FAE04EC0-301F-11D3-BF4B-00C04F79EFBC}") = "Day10", "Day10\Day10.csproj", "{B8EF45F1-AFEB-4C55-AA63-93CED02D0D0C}"
EndProject
Global
	GlobalSection(SolutionConfigurationPlatforms) = preSolution
		Debug|Any CPU = Debug|Any CPU
		Release|Any CPU = Release|Any CPU
	EndGlobalSection
	GlobalSection(ProjectConfigurationPlatforms) = postSolution
		{C4A9A80B-A1CC-4910-845C-BE7566E11B01}.Debug|Any CPU.ActiveCfg = Debug|Any CPU
		{C4A9A80B-A1CC-4910-845C-BE7566E11B01}.Debug|Any CPU.Build.0 = Debug|Any CPU
		{C4A9A80B-A1CC-4910-845C-BE7566E11B01}.Release|Any CPU.ActiveCfg = Release|Any CPU
		{C4A9A80B-A1CC-4910-845C-BE7566E11B01}.Release|Any CPU.Build.0 = Release|Any CPU
		{56AFD664-C9C3-4628-9BE4-580CCD9D236A}.Debug|Any CPU.ActiveCfg = Debug|Any CPU
		{56AFD664-C9C3-4628-9BE4-580CCD9D236A}.Debug|Any CPU.Build.0 = Debug|Any CPU
		{56AFD664-C9C3-4628-9BE4-580CCD9D236A}.Release|Any CPU.ActiveCfg = Release|Any CPU
		{56AFD664-C9C3-4628-9BE4-580CCD9D236A}.Release|Any CPU.Build.0 = Release|Any CPU
		{0DC75426-0B91-4CD9-BE02-981F670C76BC}.Debug|Any CPU.ActiveCfg = Debug|Any CPU
		{0DC75426-0B91-4CD9-BE02-981F670C76BC}.Debug|Any CPU.Build.0 = Debug|Any CPU
		{0DC75426-0B91-4CD9-BE02-981F670C76BC}.Release|Any CPU.ActiveCfg = Release|Any CPU
		{0DC75426-0B91-4CD9-BE02-981F670C76BC}.Release|Any CPU.Build.0 = Release|Any CPU
		{EEE5EB7F-B6F7-4BDB-A775-1BB0002C1BCC}.Debug|Any CPU.ActiveCfg = Debug|Any CPU
		{EEE5EB7F-B6F7-4BDB-A775-1BB0002C1BCC}.Debug|Any CPU.Build.0 = Debug|Any CPU
		{EEE5EB7F-B6F7-4BDB-A775-1BB0002C1BCC}.Release|Any CPU.ActiveCfg = Release|Any CPU
		{EEE5EB7F-B6F7-4BDB-A775-1BB0002C1BCC}.Release|Any CPU.Build.0 = Release|Any CPU
		{6FD975A6-E04C-4569-A043-2A42190CA5C3}.Debug|Any CPU.ActiveCfg = Debug|Any CPU
		{6FD975A6-E04C-4569-A043-2A42190CA5C3}.Debug|Any CPU.Build.0 = Debug|Any CPU
		{6FD975A6-E04C-4569-A043-2A42190CA5C3}.Release|Any CPU.ActiveCfg = Release|Any CPU
		{6FD975A6-E04C-4569-A043-2A42190CA5C3}.Release|Any CPU.Build.0 = Release|Any CPU
		{27F05750-692A-456F-A94A-95900EB3E99C}.Debug|Any CPU.ActiveCfg = Debug|Any CPU
		{27F05750-692A-456F-A94A-95900EB3E99C}.Debug|Any CPU.Build.0 = Debug|Any CPU
		{27F05750-692A-456F-A94A-95900EB3E99C}.Release|Any CPU.ActiveCfg = Release|Any CPU
		{27F05750-692A-456F-A94A-95900EB3E99C}.Release|Any CPU.Build.0 = Release|Any CPU
		{20982949-373C-448D-BD70-B63F114B8B83}.Debug|Any CPU.ActiveCfg = Debug|Any CPU
		{20982949-373C-448D-BD70-B63F114B8B83}.Debug|Any CPU.Build.0 = Debug|Any CPU
		{20982949-373C-448D-BD70-B63F114B8B83}.Release|Any CPU.ActiveCfg = Release|Any CPU
		{20982949-373C-448D-BD70-B63F114B8B83}.Release|Any CPU.Build.0 = Release|Any CPU
		{7A8FCFE0-C621-4F54-A07F-0EEB43B25A7B}.Debug|Any CPU.ActiveCfg = Debug|Any CPU
		{7A8FCFE0-C621-4F54-A07F-0EEB43B25A7B}.Debug|Any CPU.Build.0 = Debug|Any CPU
		{7A8FCFE0-C621-4F54-A07F-0EEB43B25A7B}.Release|Any CPU.ActiveCfg = Release|Any CPU
		{7A8FCFE0-C621-4F54-A07F-0EEB43B25A7B}.Release|Any CPU.Build.0 = Release|Any CPU
		{4626D5AD-591E-457D-A6C1-A71C96FCF282}.Debug|Any CPU.ActiveCfg = Debug|Any CPU
		{4626D5AD-591E-457D-A6C1-A71C96FCF282}.Debug|Any CPU.Build.0 = Debug|Any CPU
		{4626D5AD-591E-457D-A6C1-A71C96FCF282}.Release|Any CPU.ActiveCfg = Release|Any CPU
		{4626D5AD-591E-457D-A6C1-A71C96FCF282}.Release|Any CPU.Build.0 = Release|Any CPU
		{B8EF45F1-AFEB-4C55-AA63-93CED02D0D0C}.Debug|Any CPU.ActiveCfg = Debug|Any CPU
		{B8EF45F1-AFEB-4C55-AA63-93CED02D0D0C}.Debug|Any CPU.Build.0 = Debug|Any CPU
		{B8EF45F1-AFEB-4C55-AA63-93CED02D0D0C}.Release|Any CPU.ActiveCfg = Release|Any CPU
		{B8EF45F1-AFEB-4C55-AA63-93CED02D0D0C}.Release|Any CPU.Build.0 = Release|Any CPU
	EndGlobalSection
	GlobalSection(SolutionProperties) = preSolution
		HideSolutionNode = FALSE
	EndGlobalSection
	GlobalSection(ExtensibilityGlobals) = postSolution
		SolutionGuid = {D65588B4-76BD-466A-8EAB-131AB476E971}
	EndGlobalSection
EndGlobal
